# THIS IS AN AUTOGENERATED FILE. DO NOT EDIT THIS FILE DIRECTLY.
# yarn lockfile v1


browser-id3-writer@^4.1.0:
  version "4.1.0"
  resolved "https://registry.yarnpkg.com/browser-id3-writer/-/browser-id3-writer-4.1.0.tgz#a4bfb27bcd9da601e8aa03c0bee26fa2f56e7f47"
  integrity sha512-CKtlbxhHTYRLUkIIK1VvKJGIRBREr2ZIy5WXyl7ib4BiWrAMoEYK5XM1C8njea17DydCy247GE0OukHydxlk2A==

kleur@^3.0.0:
  version "3.0.1"
  resolved "https://registry.yarnpkg.com/kleur/-/kleur-3.0.1.tgz#4f5b313f5fa315432a400f19a24db78d451ede62"
  integrity sha512-P3kRv+B+Ra070ng2VKQqW4qW7gd/v3iD8sy/zOdcYRsfiD+QBokQNOps/AfP6Hr48cBhIIBFWckB9aO+IZhrWg==

prompts@^2.0.1:
  version "2.0.1"
  resolved "https://registry.yarnpkg.com/prompts/-/prompts-2.0.1.tgz#201b3718b4276fb407f037db48c0029d6465245c"
  integrity sha512-8lnEOSIGQbgbnO47+13S+H204L8ISogGulyi0/NNEFAQ9D1VMNTrJ9SBX2Ra03V4iPn/zt36HQMndRYkaPoWiQ==
  dependencies:
    kleur "^3.0.0"
    sisteransi "^1.0.0"

sisteransi@^1.0.0:
  version "1.0.0"
  resolved "https://registry.yarnpkg.com/sisteransi/-/sisteransi-1.0.0.tgz#77d9622ff909080f1c19e5f4a1df0c1b0a27b88c"
  integrity sha512-N+z4pHB4AmUv0SjveWRd6q1Nj5w62m5jodv+GD8lvmbY/83T/rpbJGZOnK5T149OldDj4Db07BSv9xY4K6NTPQ==
